{
  "version": 4,
  "terraform_version": "0.12.18",
  "serial": 2,
  "lineage": "f2cd8b6a-5d7e-5a32-5ac7-2a111bfb0953",
  "outputs": {
    "bucket_arn": {
      "value": "arn:aws:s3:::my-tf-test-bucket-fmontada",
      "type": "string"
    }
  },
  "resources": [
    {
      "mode": "managed",
      "type": "aws_s3_bucket",
      "name": "my-bucket",
      "provider": "provider.aws",
      "instances": [
        {
          "schema_version": 0,
          "attributes": {
            "acceleration_status": "",
            "acl": "private",
            "arn": "arn:aws:s3:::my-tf-test-bucket-fmontada",
            "bucket": "my-tf-test-bucket-fmontada",
            "bucket_domain_name": "my-tf-test-bucket-fmontada.s3.amazonaws.com",
            "bucket_prefix": null,
            "bucket_regional_domain_name": "my-tf-test-bucket-fmontada.s3.us-east-2.amazonaws.com",
            "cors_rule": [],
            "force_destroy": false,
            "hosted_zone_id": "Z2O1EMRO9K5GLX",
            "id": "my-tf-test-bucket-fmontada",
            "lifecycle_rule": [],
            "logging": [],
            "object_lock_configuration": [],
            "policy": null,
            "region": "us-east-2",
            "replication_configuration": [],
            "request_payer": "BucketOwner",
            "server_side_encryption_configuration": [],
            "tags": {
              "Environment": "Dev",
              "Name": "My bucket"
            },
            "versioning": [
              {
                "enabled": false,
                "mfa_delete": false
              }
            ],
            "website": [],
            "website_domain": null,
            "website_endpoint": null
          },
          "private": "bnVsbA=="
        }
      ]
    }
  ]
}
